
Microsoft Visual Studio Solution File, Format Version 12.00
# Visual Studio Version 16
VisualStudioVersion = 16.0.30523.141
MinimumVisualStudioVersion = 10.0.40219.1
Project("{FAE04EC0-301F-11D3-BF4B-00C04F79EFBC}") = "hoangkhoa", "hoangkhoa\hoangkhoa.csproj", "{AC5917F8-F074-4D27-9FB3-013C38EA8983}"
EndProject
Global
	GlobalSection(SolutionConfigurationPlatforms) = preSolution
		Debug|Any CPU = Debug|Any CPU
		Release|Any CPU = Release|Any CPU
	EndGlobalSection
	GlobalSection(ProjectConfigurationPlatforms) = postSolution
		{AC5917F8-F074-4D27-9FB3-013C38EA8983}.Debug|Any CPU.ActiveCfg = Debug|Any CPU
		{AC5917F8-F074-4D27-9FB3-013C38EA8983}.Debug|Any CPU.Build.0 = Debug|Any CPU
		{AC5917F8-F074-4D27-9FB3-013C38EA8983}.Release|Any CPU.ActiveCfg = Release|Any CPU
		{AC5917F8-F074-4D27-9FB3-013C38EA8983}.Release|Any CPU.Build.0 = Release|Any CPU
	EndGlobalSection
	GlobalSection(SolutionProperties) = preSolution
		HideSolutionNode = FALSE
	EndGlobalSection
	GlobalSection(ExtensibilityGlobals) = postSolution
		SolutionGuid = {EB69565F-7703-43C5-8D2C-406708619F28}
	EndGlobalSection
EndGlobal
