
Microsoft Visual Studio Solution File, Format Version 12.00
# Visual Studio Version 16
VisualStudioVersion = 16.0.30523.141
MinimumVisualStudioVersion = 10.0.40219.1
Project("{FAE04EC0-301F-11D3-BF4B-00C04F79EFBC}") = "FPTTraining0", "FPTTraining0\FPTTraining0.csproj", "{DADB411E-2D44-4893-BC52-4E233AEDCB37}"
EndProject
Global
	GlobalSection(SolutionConfigurationPlatforms) = preSolution
		Debug|Any CPU = Debug|Any CPU
		Release|Any CPU = Release|Any CPU
	EndGlobalSection
	GlobalSection(ProjectConfigurationPlatforms) = postSolution
		{DADB411E-2D44-4893-BC52-4E233AEDCB37}.Debug|Any CPU.ActiveCfg = Debug|Any CPU
		{DADB411E-2D44-4893-BC52-4E233AEDCB37}.Debug|Any CPU.Build.0 = Debug|Any CPU
		{DADB411E-2D44-4893-BC52-4E233AEDCB37}.Release|Any CPU.ActiveCfg = Release|Any CPU
		{DADB411E-2D44-4893-BC52-4E233AEDCB37}.Release|Any CPU.Build.0 = Release|Any CPU
	EndGlobalSection
	GlobalSection(SolutionProperties) = preSolution
		HideSolutionNode = FALSE
	EndGlobalSection
	GlobalSection(ExtensibilityGlobals) = postSolution
		SolutionGuid = {745098D7-2537-4962-8FF6-A9A814174D58}
	EndGlobalSection
EndGlobal
